
Microsoft Visual Studio Solution File, Format Version 12.00
# Visual Studio Version 17
VisualStudioVersion = 17.8.34525.116
MinimumVisualStudioVersion = 10.0.40219.1
Project("{FAE04EC0-301F-11D3-BF4B-00C04F79EFBC}") = "01.ReverseStrings", "01.ReverseStrings\01.ReverseStrings.csproj", "{5AFA91F3-F3D2-4742-B13B-5CFEC775E641}"
EndProject
Project("{FAE04EC0-301F-11D3-BF4B-00C04F79EFBC}") = "02.RepeatStrings", "02.RepeatStrings\02.RepeatStrings.csproj", "{B1A01912-09D4-49A4-BC97-E02E02791784}"
EndProject
Project("{FAE04EC0-301F-11D3-BF4B-00C04F79EFBC}") = "03.Substring", "03.Substring\03.Substring.csproj", "{F8752CFC-A4DE-4223-B092-8C0149FBF0C2}"
EndProject
Project("{FAE04EC0-301F-11D3-BF4B-00C04F79EFBC}") = "04.TextFilter", "04.TextFilter\04.TextFilter.csproj", "{B6DB7241-69C7-42A7-A9B5-C83E886D59F5}"
EndProject
Project("{FAE04EC0-301F-11D3-BF4B-00C04F79EFBC}") = "05.Digits,LettersAndOther", "05.Digits,LettersAndOther\05.Digits,LettersAndOther.csproj", "{1152D9AA-298F-4EEF-96ED-B9D052BB04A7}"
EndProject
Global
	GlobalSection(SolutionConfigurationPlatforms) = preSolution
		Debug|Any CPU = Debug|Any CPU
		Release|Any CPU = Release|Any CPU
	EndGlobalSection
	GlobalSection(ProjectConfigurationPlatforms) = postSolution
		{5AFA91F3-F3D2-4742-B13B-5CFEC775E641}.Debug|Any CPU.ActiveCfg = Debug|Any CPU
		{5AFA91F3-F3D2-4742-B13B-5CFEC775E641}.Debug|Any CPU.Build.0 = Debug|Any CPU
		{5AFA91F3-F3D2-4742-B13B-5CFEC775E641}.Release|Any CPU.ActiveCfg = Release|Any CPU
		{5AFA91F3-F3D2-4742-B13B-5CFEC775E641}.Release|Any CPU.Build.0 = Release|Any CPU
		{B1A01912-09D4-49A4-BC97-E02E02791784}.Debug|Any CPU.ActiveCfg = Debug|Any CPU
		{B1A01912-09D4-49A4-BC97-E02E02791784}.Debug|Any CPU.Build.0 = Debug|Any CPU
		{B1A01912-09D4-49A4-BC97-E02E02791784}.Release|Any CPU.ActiveCfg = Release|Any CPU
		{B1A01912-09D4-49A4-BC97-E02E02791784}.Release|Any CPU.Build.0 = Release|Any CPU
		{F8752CFC-A4DE-4223-B092-8C0149FBF0C2}.Debug|Any CPU.ActiveCfg = Debug|Any CPU
		{F8752CFC-A4DE-4223-B092-8C0149FBF0C2}.Debug|Any CPU.Build.0 = Debug|Any CPU
		{F8752CFC-A4DE-4223-B092-8C0149FBF0C2}.Release|Any CPU.ActiveCfg = Release|Any CPU
		{F8752CFC-A4DE-4223-B092-8C0149FBF0C2}.Release|Any CPU.Build.0 = Release|Any CPU
		{B6DB7241-69C7-42A7-A9B5-C83E886D59F5}.Debug|Any CPU.ActiveCfg = Debug|Any CPU
		{B6DB7241-69C7-42A7-A9B5-C83E886D59F5}.Debug|Any CPU.Build.0 = Debug|Any CPU
		{B6DB7241-69C7-42A7-A9B5-C83E886D59F5}.Release|Any CPU.ActiveCfg = Release|Any CPU
		{B6DB7241-69C7-42A7-A9B5-C83E886D59F5}.Release|Any CPU.Build.0 = Release|Any CPU
		{1152D9AA-298F-4EEF-96ED-B9D052BB04A7}.Debug|Any CPU.ActiveCfg = Debug|Any CPU
		{1152D9AA-298F-4EEF-96ED-B9D052BB04A7}.Debug|Any CPU.Build.0 = Debug|Any CPU
		{1152D9AA-298F-4EEF-96ED-B9D052BB04A7}.Release|Any CPU.ActiveCfg = Release|Any CPU
		{1152D9AA-298F-4EEF-96ED-B9D052BB04A7}.Release|Any CPU.Build.0 = Release|Any CPU
	EndGlobalSection
	GlobalSection(SolutionProperties) = preSolution
		HideSolutionNode = FALSE
	EndGlobalSection
	GlobalSection(ExtensibilityGlobals) = postSolution
		SolutionGuid = {2A7739CF-F1F6-4D0C-9D57-5416CA242898}
	EndGlobalSection
EndGlobal
