
Microsoft Visual Studio Solution File, Format Version 12.00
# Visual Studio Version 17
VisualStudioVersion = 17.8.34525.116
MinimumVisualStudioVersion = 10.0.40219.1
Project("{FAE04EC0-301F-11D3-BF4B-00C04F79EFBC}") = "Problem1-GuineaPig", "Problem1-GuineaPig\Problem1-GuineaPig.csproj", "{D351BB51-8F3E-4D2D-9B15-E777FF7BDFDE}"
EndProject
Project("{FAE04EC0-301F-11D3-BF4B-00C04F79EFBC}") = "Problem2-ShoppingList", "Problem2-ShoppingList\Problem2-ShoppingList.csproj", "{B0AF03BD-9F67-49EA-86B2-A222458759A2}"
EndProject
Project("{FAE04EC0-301F-11D3-BF4B-00C04F79EFBC}") = "Problem3-HeartDelivery", "Problem3-HeartDelivery\Problem3-HeartDelivery.csproj", "{23B212C9-8DE7-4535-B3DA-50B048FC58E6}"
EndProject
Global
	GlobalSection(SolutionConfigurationPlatforms) = preSolution
		Debug|Any CPU = Debug|Any CPU
		Release|Any CPU = Release|Any CPU
	EndGlobalSection
	GlobalSection(ProjectConfigurationPlatforms) = postSolution
		{D351BB51-8F3E-4D2D-9B15-E777FF7BDFDE}.Debug|Any CPU.ActiveCfg = Debug|Any CPU
		{D351BB51-8F3E-4D2D-9B15-E777FF7BDFDE}.Debug|Any CPU.Build.0 = Debug|Any CPU
		{D351BB51-8F3E-4D2D-9B15-E777FF7BDFDE}.Release|Any CPU.ActiveCfg = Release|Any CPU
		{D351BB51-8F3E-4D2D-9B15-E777FF7BDFDE}.Release|Any CPU.Build.0 = Release|Any CPU
		{B0AF03BD-9F67-49EA-86B2-A222458759A2}.Debug|Any CPU.ActiveCfg = Debug|Any CPU
		{B0AF03BD-9F67-49EA-86B2-A222458759A2}.Debug|Any CPU.Build.0 = Debug|Any CPU
		{B0AF03BD-9F67-49EA-86B2-A222458759A2}.Release|Any CPU.ActiveCfg = Release|Any CPU
		{B0AF03BD-9F67-49EA-86B2-A222458759A2}.Release|Any CPU.Build.0 = Release|Any CPU
		{23B212C9-8DE7-4535-B3DA-50B048FC58E6}.Debug|Any CPU.ActiveCfg = Debug|Any CPU
		{23B212C9-8DE7-4535-B3DA-50B048FC58E6}.Debug|Any CPU.Build.0 = Debug|Any CPU
		{23B212C9-8DE7-4535-B3DA-50B048FC58E6}.Release|Any CPU.ActiveCfg = Release|Any CPU
		{23B212C9-8DE7-4535-B3DA-50B048FC58E6}.Release|Any CPU.Build.0 = Release|Any CPU
	EndGlobalSection
	GlobalSection(SolutionProperties) = preSolution
		HideSolutionNode = FALSE
	EndGlobalSection
	GlobalSection(ExtensibilityGlobals) = postSolution
		SolutionGuid = {B51441A2-AA94-4A2C-AF56-7377C46286B9}
	EndGlobalSection
EndGlobal
