
Microsoft Visual Studio Solution File, Format Version 12.00
# Visual Studio Version 17
VisualStudioVersion = 17.8.34525.116
MinimumVisualStudioVersion = 10.0.40219.1
Project("{FAE04EC0-301F-11D3-BF4B-00C04F79EFBC}") = "01.DataTypes", "01.DataTypes\01.DataTypes.csproj", "{55453921-DBAB-4C38-9B64-712C3A4FDBF4}"
EndProject
Project("{FAE04EC0-301F-11D3-BF4B-00C04F79EFBC}") = "02.CenterPoint", "02.CenterPoint\02.CenterPoint.csproj", "{A7903404-1892-40FA-A174-BEFD09C18E32}"
EndProject
Project("{FAE04EC0-301F-11D3-BF4B-00C04F79EFBC}") = "04.TribonacciSequence", "04.TribonacciSequence\04.TribonacciSequence.csproj", "{1CAF5F13-39EA-4A74-ACB8-06DA35219167}"
EndProject
Project("{FAE04EC0-301F-11D3-BF4B-00C04F79EFBC}") = "03.LongerLine", "03.LongerLine\03.LongerLine.csproj", "{2D5A626C-BD30-488F-A43F-6663BB69E9B5}"
EndProject
Project("{FAE04EC0-301F-11D3-BF4B-00C04F79EFBC}") = "05.MultiplicationSign", "05.MultiplicationSign\05.MultiplicationSign.csproj", "{575F06DA-7669-424C-A4F5-C27994701C1E}"
EndProject
Global
	GlobalSection(SolutionConfigurationPlatforms) = preSolution
		Debug|Any CPU = Debug|Any CPU
		Release|Any CPU = Release|Any CPU
	EndGlobalSection
	GlobalSection(ProjectConfigurationPlatforms) = postSolution
		{55453921-DBAB-4C38-9B64-712C3A4FDBF4}.Debug|Any CPU.ActiveCfg = Debug|Any CPU
		{55453921-DBAB-4C38-9B64-712C3A4FDBF4}.Debug|Any CPU.Build.0 = Debug|Any CPU
		{55453921-DBAB-4C38-9B64-712C3A4FDBF4}.Release|Any CPU.ActiveCfg = Release|Any CPU
		{55453921-DBAB-4C38-9B64-712C3A4FDBF4}.Release|Any CPU.Build.0 = Release|Any CPU
		{A7903404-1892-40FA-A174-BEFD09C18E32}.Debug|Any CPU.ActiveCfg = Debug|Any CPU
		{A7903404-1892-40FA-A174-BEFD09C18E32}.Debug|Any CPU.Build.0 = Debug|Any CPU
		{A7903404-1892-40FA-A174-BEFD09C18E32}.Release|Any CPU.ActiveCfg = Release|Any CPU
		{A7903404-1892-40FA-A174-BEFD09C18E32}.Release|Any CPU.Build.0 = Release|Any CPU
		{1CAF5F13-39EA-4A74-ACB8-06DA35219167}.Debug|Any CPU.ActiveCfg = Debug|Any CPU
		{1CAF5F13-39EA-4A74-ACB8-06DA35219167}.Debug|Any CPU.Build.0 = Debug|Any CPU
		{1CAF5F13-39EA-4A74-ACB8-06DA35219167}.Release|Any CPU.ActiveCfg = Release|Any CPU
		{1CAF5F13-39EA-4A74-ACB8-06DA35219167}.Release|Any CPU.Build.0 = Release|Any CPU
		{2D5A626C-BD30-488F-A43F-6663BB69E9B5}.Debug|Any CPU.ActiveCfg = Debug|Any CPU
		{2D5A626C-BD30-488F-A43F-6663BB69E9B5}.Debug|Any CPU.Build.0 = Debug|Any CPU
		{2D5A626C-BD30-488F-A43F-6663BB69E9B5}.Release|Any CPU.ActiveCfg = Release|Any CPU
		{2D5A626C-BD30-488F-A43F-6663BB69E9B5}.Release|Any CPU.Build.0 = Release|Any CPU
		{575F06DA-7669-424C-A4F5-C27994701C1E}.Debug|Any CPU.ActiveCfg = Debug|Any CPU
		{575F06DA-7669-424C-A4F5-C27994701C1E}.Debug|Any CPU.Build.0 = Debug|Any CPU
		{575F06DA-7669-424C-A4F5-C27994701C1E}.Release|Any CPU.ActiveCfg = Release|Any CPU
		{575F06DA-7669-424C-A4F5-C27994701C1E}.Release|Any CPU.Build.0 = Release|Any CPU
	EndGlobalSection
	GlobalSection(SolutionProperties) = preSolution
		HideSolutionNode = FALSE
	EndGlobalSection
	GlobalSection(ExtensibilityGlobals) = postSolution
		SolutionGuid = {0C60B433-A400-4756-9002-74920DCF96D3}
	EndGlobalSection
EndGlobal
