
Microsoft Visual Studio Solution File, Format Version 12.00
# Visual Studio Version 17
VisualStudioVersion = 17.8.34525.116
MinimumVisualStudioVersion = 10.0.40219.1
Project("{FAE04EC0-301F-11D3-BF4B-00C04F79EFBC}") = "01.SumAdjacentEqualNumbers", "01.SumAdjacentEqualNumbers\01.SumAdjacentEqualNumbers.csproj", "{EBC88722-3305-42AF-B707-ADCB80CFFBC6}"
EndProject
Project("{FAE04EC0-301F-11D3-BF4B-00C04F79EFBC}") = "02.GaussTrick", "02.GaussTrick\02.GaussTrick.csproj", "{7CDDDEDF-BCCA-479B-BFA2-B6F2E9B212BE}"
EndProject
Project("{FAE04EC0-301F-11D3-BF4B-00C04F79EFBC}") = "03.MergingLists", "03.MergingLists\03.MergingLists.csproj", "{4B6A8E99-CFE9-4430-8518-0382D048AA48}"
EndProject
Project("{FAE04EC0-301F-11D3-BF4B-00C04F79EFBC}") = "04.ListOfProducts", "04.ListOfProducts\04.ListOfProducts.csproj", "{58299AC2-776D-4B89-81A4-FF929789283A}"
EndProject
Project("{FAE04EC0-301F-11D3-BF4B-00C04F79EFBC}") = "05.RemoveNegativesAndReverse", "05.RemoveNegativesAndReverse\05.RemoveNegativesAndReverse.csproj", "{200B5A24-93D2-4021-B3E7-9644CD129B07}"
EndProject
Project("{FAE04EC0-301F-11D3-BF4B-00C04F79EFBC}") = "06.ListManipulationBasics", "06.ListManipulationBasics\06.ListManipulationBasics.csproj", "{9CA4617D-BD76-4389-A7EF-942307435E64}"
EndProject
Project("{FAE04EC0-301F-11D3-BF4B-00C04F79EFBC}") = "07.ListManipulationAdvanced", "07.ListManipulationAdvanced\07.ListManipulationAdvanced.csproj", "{8D610199-2176-4155-9700-89EADDC12870}"
EndProject
Global
	GlobalSection(SolutionConfigurationPlatforms) = preSolution
		Debug|Any CPU = Debug|Any CPU
		Release|Any CPU = Release|Any CPU
	EndGlobalSection
	GlobalSection(ProjectConfigurationPlatforms) = postSolution
		{EBC88722-3305-42AF-B707-ADCB80CFFBC6}.Debug|Any CPU.ActiveCfg = Debug|Any CPU
		{EBC88722-3305-42AF-B707-ADCB80CFFBC6}.Debug|Any CPU.Build.0 = Debug|Any CPU
		{EBC88722-3305-42AF-B707-ADCB80CFFBC6}.Release|Any CPU.ActiveCfg = Release|Any CPU
		{EBC88722-3305-42AF-B707-ADCB80CFFBC6}.Release|Any CPU.Build.0 = Release|Any CPU
		{7CDDDEDF-BCCA-479B-BFA2-B6F2E9B212BE}.Debug|Any CPU.ActiveCfg = Debug|Any CPU
		{7CDDDEDF-BCCA-479B-BFA2-B6F2E9B212BE}.Debug|Any CPU.Build.0 = Debug|Any CPU
		{7CDDDEDF-BCCA-479B-BFA2-B6F2E9B212BE}.Release|Any CPU.ActiveCfg = Release|Any CPU
		{7CDDDEDF-BCCA-479B-BFA2-B6F2E9B212BE}.Release|Any CPU.Build.0 = Release|Any CPU
		{4B6A8E99-CFE9-4430-8518-0382D048AA48}.Debug|Any CPU.ActiveCfg = Debug|Any CPU
		{4B6A8E99-CFE9-4430-8518-0382D048AA48}.Debug|Any CPU.Build.0 = Debug|Any CPU
		{4B6A8E99-CFE9-4430-8518-0382D048AA48}.Release|Any CPU.ActiveCfg = Release|Any CPU
		{4B6A8E99-CFE9-4430-8518-0382D048AA48}.Release|Any CPU.Build.0 = Release|Any CPU
		{58299AC2-776D-4B89-81A4-FF929789283A}.Debug|Any CPU.ActiveCfg = Debug|Any CPU
		{58299AC2-776D-4B89-81A4-FF929789283A}.Debug|Any CPU.Build.0 = Debug|Any CPU
		{58299AC2-776D-4B89-81A4-FF929789283A}.Release|Any CPU.ActiveCfg = Release|Any CPU
		{58299AC2-776D-4B89-81A4-FF929789283A}.Release|Any CPU.Build.0 = Release|Any CPU
		{200B5A24-93D2-4021-B3E7-9644CD129B07}.Debug|Any CPU.ActiveCfg = Debug|Any CPU
		{200B5A24-93D2-4021-B3E7-9644CD129B07}.Debug|Any CPU.Build.0 = Debug|Any CPU
		{200B5A24-93D2-4021-B3E7-9644CD129B07}.Release|Any CPU.ActiveCfg = Release|Any CPU
		{200B5A24-93D2-4021-B3E7-9644CD129B07}.Release|Any CPU.Build.0 = Release|Any CPU
		{9CA4617D-BD76-4389-A7EF-942307435E64}.Debug|Any CPU.ActiveCfg = Debug|Any CPU
		{9CA4617D-BD76-4389-A7EF-942307435E64}.Debug|Any CPU.Build.0 = Debug|Any CPU
		{9CA4617D-BD76-4389-A7EF-942307435E64}.Release|Any CPU.ActiveCfg = Release|Any CPU
		{9CA4617D-BD76-4389-A7EF-942307435E64}.Release|Any CPU.Build.0 = Release|Any CPU
		{8D610199-2176-4155-9700-89EADDC12870}.Debug|Any CPU.ActiveCfg = Debug|Any CPU
		{8D610199-2176-4155-9700-89EADDC12870}.Debug|Any CPU.Build.0 = Debug|Any CPU
		{8D610199-2176-4155-9700-89EADDC12870}.Release|Any CPU.ActiveCfg = Release|Any CPU
		{8D610199-2176-4155-9700-89EADDC12870}.Release|Any CPU.Build.0 = Release|Any CPU
	EndGlobalSection
	GlobalSection(SolutionProperties) = preSolution
		HideSolutionNode = FALSE
	EndGlobalSection
	GlobalSection(ExtensibilityGlobals) = postSolution
		SolutionGuid = {7099AAF1-13A9-4F2E-AEF7-E9B5529EA088}
	EndGlobalSection
EndGlobal
