
Microsoft Visual Studio Solution File, Format Version 12.00
# Visual Studio Version 17
VisualStudioVersion = 17.8.34330.188
MinimumVisualStudioVersion = 10.0.40219.1
Project("{9A19103F-16F7-4668-BE54-9A1E7A4F7556}") = "01.Train", "01.Train\01.Train.csproj", "{60C65EE6-60EE-4E80-9FD3-3784C6CEA862}"
EndProject
Project("{9A19103F-16F7-4668-BE54-9A1E7A4F7556}") = "02.CommonElements", "02.CommonElements\02.CommonElements.csproj", "{883735E8-1D48-431F-AD54-D88C1F5C1525}"
EndProject
Project("{9A19103F-16F7-4668-BE54-9A1E7A4F7556}") = "03.Zig-ZagArrays", "03.Zig-ZagArrays\03.Zig-ZagArrays.csproj", "{44A9F59B-5607-4A59-BE28-5232E810B923}"
EndProject
Project("{9A19103F-16F7-4668-BE54-9A1E7A4F7556}") = "04.ArrayRotation", "04.ArrayRotation\04.ArrayRotation.csproj", "{E2BDC372-52A9-4E91-953A-8A765F0DCFED}"
EndProject
Project("{9A19103F-16F7-4668-BE54-9A1E7A4F7556}") = "05.TopIntegers", "05.TopIntegers\05.TopIntegers.csproj", "{17A5F1E9-0C3F-449E-9DBB-DF5CC867A251}"
EndProject
Project("{9A19103F-16F7-4668-BE54-9A1E7A4F7556}") = "0000", "0000\0000.csproj", "{6D5EF777-4B4C-4EF1-B6D9-446DF24CD99D}"
EndProject
Project("{9A19103F-16F7-4668-BE54-9A1E7A4F7556}") = "10.LadyBugs(no)", "10.LadyBugs(no)\10.LadyBugs(no).csproj", "{AA5099AD-6557-4A67-83BA-F37E6C7417C6}"
EndProject
Project("{9A19103F-16F7-4668-BE54-9A1E7A4F7556}") = "06.EqualSum", "06.EqualSum\06.EqualSum.csproj", "{AD573A28-DEF6-497C-BCC8-86BAC8D67596}"
EndProject
Project("{9A19103F-16F7-4668-BE54-9A1E7A4F7556}") = "07.MaxSequenceOfEqualElements", "07.MaxSequenceOfEqualElements\07.MaxSequenceOfEqualElements.csproj", "{B33FD0C8-C668-47C4-8364-EF67A8F214E9}"
EndProject
Project("{FAE04EC0-301F-11D3-BF4B-00C04F79EFBC}") = "09.KaminoFactory", "09.KaminoFactory\09.KaminoFactory.csproj", "{B5C27844-9B0C-467E-99BB-AAFDB9FA8559}"
EndProject
Project("{FAE04EC0-301F-11D3-BF4B-00C04F79EFBC}") = "08.MagicSum", "08.MagicSum\08.MagicSum.csproj", "{B6AB82A5-45ED-4750-914D-7AC46DE6F2A5}"
EndProject
Global
	GlobalSection(SolutionConfigurationPlatforms) = preSolution
		Debug|Any CPU = Debug|Any CPU
		Release|Any CPU = Release|Any CPU
	EndGlobalSection
	GlobalSection(ProjectConfigurationPlatforms) = postSolution
		{60C65EE6-60EE-4E80-9FD3-3784C6CEA862}.Debug|Any CPU.ActiveCfg = Debug|Any CPU
		{60C65EE6-60EE-4E80-9FD3-3784C6CEA862}.Debug|Any CPU.Build.0 = Debug|Any CPU
		{60C65EE6-60EE-4E80-9FD3-3784C6CEA862}.Release|Any CPU.ActiveCfg = Release|Any CPU
		{60C65EE6-60EE-4E80-9FD3-3784C6CEA862}.Release|Any CPU.Build.0 = Release|Any CPU
		{883735E8-1D48-431F-AD54-D88C1F5C1525}.Debug|Any CPU.ActiveCfg = Debug|Any CPU
		{883735E8-1D48-431F-AD54-D88C1F5C1525}.Debug|Any CPU.Build.0 = Debug|Any CPU
		{883735E8-1D48-431F-AD54-D88C1F5C1525}.Release|Any CPU.ActiveCfg = Release|Any CPU
		{883735E8-1D48-431F-AD54-D88C1F5C1525}.Release|Any CPU.Build.0 = Release|Any CPU
		{44A9F59B-5607-4A59-BE28-5232E810B923}.Debug|Any CPU.ActiveCfg = Debug|Any CPU
		{44A9F59B-5607-4A59-BE28-5232E810B923}.Debug|Any CPU.Build.0 = Debug|Any CPU
		{44A9F59B-5607-4A59-BE28-5232E810B923}.Release|Any CPU.ActiveCfg = Release|Any CPU
		{44A9F59B-5607-4A59-BE28-5232E810B923}.Release|Any CPU.Build.0 = Release|Any CPU
		{E2BDC372-52A9-4E91-953A-8A765F0DCFED}.Debug|Any CPU.ActiveCfg = Debug|Any CPU
		{E2BDC372-52A9-4E91-953A-8A765F0DCFED}.Debug|Any CPU.Build.0 = Debug|Any CPU
		{E2BDC372-52A9-4E91-953A-8A765F0DCFED}.Release|Any CPU.ActiveCfg = Release|Any CPU
		{E2BDC372-52A9-4E91-953A-8A765F0DCFED}.Release|Any CPU.Build.0 = Release|Any CPU
		{17A5F1E9-0C3F-449E-9DBB-DF5CC867A251}.Debug|Any CPU.ActiveCfg = Debug|Any CPU
		{17A5F1E9-0C3F-449E-9DBB-DF5CC867A251}.Debug|Any CPU.Build.0 = Debug|Any CPU
		{17A5F1E9-0C3F-449E-9DBB-DF5CC867A251}.Release|Any CPU.ActiveCfg = Release|Any CPU
		{17A5F1E9-0C3F-449E-9DBB-DF5CC867A251}.Release|Any CPU.Build.0 = Release|Any CPU
		{6D5EF777-4B4C-4EF1-B6D9-446DF24CD99D}.Debug|Any CPU.ActiveCfg = Debug|Any CPU
		{6D5EF777-4B4C-4EF1-B6D9-446DF24CD99D}.Debug|Any CPU.Build.0 = Debug|Any CPU
		{6D5EF777-4B4C-4EF1-B6D9-446DF24CD99D}.Release|Any CPU.ActiveCfg = Release|Any CPU
		{6D5EF777-4B4C-4EF1-B6D9-446DF24CD99D}.Release|Any CPU.Build.0 = Release|Any CPU
		{AA5099AD-6557-4A67-83BA-F37E6C7417C6}.Debug|Any CPU.ActiveCfg = Debug|Any CPU
		{AA5099AD-6557-4A67-83BA-F37E6C7417C6}.Debug|Any CPU.Build.0 = Debug|Any CPU
		{AA5099AD-6557-4A67-83BA-F37E6C7417C6}.Release|Any CPU.ActiveCfg = Release|Any CPU
		{AA5099AD-6557-4A67-83BA-F37E6C7417C6}.Release|Any CPU.Build.0 = Release|Any CPU
		{AD573A28-DEF6-497C-BCC8-86BAC8D67596}.Debug|Any CPU.ActiveCfg = Debug|Any CPU
		{AD573A28-DEF6-497C-BCC8-86BAC8D67596}.Debug|Any CPU.Build.0 = Debug|Any CPU
		{AD573A28-DEF6-497C-BCC8-86BAC8D67596}.Release|Any CPU.ActiveCfg = Release|Any CPU
		{AD573A28-DEF6-497C-BCC8-86BAC8D67596}.Release|Any CPU.Build.0 = Release|Any CPU
		{B33FD0C8-C668-47C4-8364-EF67A8F214E9}.Debug|Any CPU.ActiveCfg = Debug|Any CPU
		{B33FD0C8-C668-47C4-8364-EF67A8F214E9}.Debug|Any CPU.Build.0 = Debug|Any CPU
		{B33FD0C8-C668-47C4-8364-EF67A8F214E9}.Release|Any CPU.ActiveCfg = Release|Any CPU
		{B33FD0C8-C668-47C4-8364-EF67A8F214E9}.Release|Any CPU.Build.0 = Release|Any CPU
		{B5C27844-9B0C-467E-99BB-AAFDB9FA8559}.Debug|Any CPU.ActiveCfg = Debug|Any CPU
		{B5C27844-9B0C-467E-99BB-AAFDB9FA8559}.Debug|Any CPU.Build.0 = Debug|Any CPU
		{B5C27844-9B0C-467E-99BB-AAFDB9FA8559}.Release|Any CPU.ActiveCfg = Release|Any CPU
		{B5C27844-9B0C-467E-99BB-AAFDB9FA8559}.Release|Any CPU.Build.0 = Release|Any CPU
		{B6AB82A5-45ED-4750-914D-7AC46DE6F2A5}.Debug|Any CPU.ActiveCfg = Debug|Any CPU
		{B6AB82A5-45ED-4750-914D-7AC46DE6F2A5}.Debug|Any CPU.Build.0 = Debug|Any CPU
		{B6AB82A5-45ED-4750-914D-7AC46DE6F2A5}.Release|Any CPU.ActiveCfg = Release|Any CPU
		{B6AB82A5-45ED-4750-914D-7AC46DE6F2A5}.Release|Any CPU.Build.0 = Release|Any CPU
	EndGlobalSection
	GlobalSection(SolutionProperties) = preSolution
		HideSolutionNode = FALSE
	EndGlobalSection
	GlobalSection(ExtensibilityGlobals) = postSolution
		SolutionGuid = {DBAB35CF-B14F-4C3D-9D9A-B4C836AE3A09}
	EndGlobalSection
EndGlobal
