
Microsoft Visual Studio Solution File, Format Version 12.00
# Visual Studio Version 17
VisualStudioVersion = 17.8.34330.188
MinimumVisualStudioVersion = 10.0.40219.1
Project("{9A19103F-16F7-4668-BE54-9A1E7A4F7556}") = "01.IntegerOperations", "01.IntegerOperations\01.IntegerOperations.csproj", "{ECFDA9AA-FF5E-4769-A9A5-E7D25EAF29E7}"
EndProject
Project("{9A19103F-16F7-4668-BE54-9A1E7A4F7556}") = "02.SumDigits", "02.SumDigits\02.SumDigits.csproj", "{EDCE1231-B26E-4F6F-AA4D-8043D838528D}"
EndProject
Project("{9A19103F-16F7-4668-BE54-9A1E7A4F7556}") = "03.Elevator", "03.Elevator\03.Elevator.csproj", "{B75A5F63-A4D0-45F6-B740-FACDAE06AD5E}"
EndProject
Project("{9A19103F-16F7-4668-BE54-9A1E7A4F7556}") = "04.SumOfChars", "04.SumOfChars\04.SumOfChars.csproj", "{F082B985-7905-4A15-AF53-0998A0176D1F}"
EndProject
Project("{9A19103F-16F7-4668-BE54-9A1E7A4F7556}") = "05.PrintPartOfASCIITable", "05.PrintPartOfASCIITable\05.PrintPartOfASCIITable.csproj", "{92D0C9D4-B06B-449D-AB16-1021E25A3B1F}"
EndProject
Project("{9A19103F-16F7-4668-BE54-9A1E7A4F7556}") = "06.TriplesOfLatinLetters", "06.TriplesOfLatinLetters\06.TriplesOfLatinLetters.csproj", "{0AF8DA5C-0956-4B67-B773-1405FC65BC34}"
EndProject
Project("{9A19103F-16F7-4668-BE54-9A1E7A4F7556}") = "07.WaterOverflow", "07.WaterOverflow\07.WaterOverflow.csproj", "{E1CB1C2E-8E25-461A-A491-361147E41B1F}"
EndProject
Project("{9A19103F-16F7-4668-BE54-9A1E7A4F7556}") = "08.BeerKegs", "08.BeerKegs\08.BeerKegs.csproj", "{B3537A84-C93A-4672-9DC4-8AA4E5FB6A6A}"
EndProject
Project("{9A19103F-16F7-4668-BE54-9A1E7A4F7556}") = "09.SpiceMustFlow", "09.SpiceMustFlow\09.SpiceMustFlow.csproj", "{3EE1274A-2377-4A33-BD5F-5FEB42C42F2D}"
EndProject
Project("{9A19103F-16F7-4668-BE54-9A1E7A4F7556}") = "10.PokeMon", "10.PokeMon\10.PokeMon.csproj", "{DDE23D2D-557A-4470-8363-CCF2C1FB8331}"
EndProject
Project("{FAE04EC0-301F-11D3-BF4B-00C04F79EFBC}") = "11.Snowballs", "11.Snowballs\11.Snowballs.csproj", "{90C8C66E-B051-4B41-966D-F11E73D9E5DA}"
EndProject
Global
	GlobalSection(SolutionConfigurationPlatforms) = preSolution
		Debug|Any CPU = Debug|Any CPU
		Release|Any CPU = Release|Any CPU
	EndGlobalSection
	GlobalSection(ProjectConfigurationPlatforms) = postSolution
		{ECFDA9AA-FF5E-4769-A9A5-E7D25EAF29E7}.Debug|Any CPU.ActiveCfg = Debug|Any CPU
		{ECFDA9AA-FF5E-4769-A9A5-E7D25EAF29E7}.Debug|Any CPU.Build.0 = Debug|Any CPU
		{ECFDA9AA-FF5E-4769-A9A5-E7D25EAF29E7}.Release|Any CPU.ActiveCfg = Release|Any CPU
		{ECFDA9AA-FF5E-4769-A9A5-E7D25EAF29E7}.Release|Any CPU.Build.0 = Release|Any CPU
		{EDCE1231-B26E-4F6F-AA4D-8043D838528D}.Debug|Any CPU.ActiveCfg = Debug|Any CPU
		{EDCE1231-B26E-4F6F-AA4D-8043D838528D}.Debug|Any CPU.Build.0 = Debug|Any CPU
		{EDCE1231-B26E-4F6F-AA4D-8043D838528D}.Release|Any CPU.ActiveCfg = Release|Any CPU
		{EDCE1231-B26E-4F6F-AA4D-8043D838528D}.Release|Any CPU.Build.0 = Release|Any CPU
		{B75A5F63-A4D0-45F6-B740-FACDAE06AD5E}.Debug|Any CPU.ActiveCfg = Debug|Any CPU
		{B75A5F63-A4D0-45F6-B740-FACDAE06AD5E}.Debug|Any CPU.Build.0 = Debug|Any CPU
		{B75A5F63-A4D0-45F6-B740-FACDAE06AD5E}.Release|Any CPU.ActiveCfg = Release|Any CPU
		{B75A5F63-A4D0-45F6-B740-FACDAE06AD5E}.Release|Any CPU.Build.0 = Release|Any CPU
		{F082B985-7905-4A15-AF53-0998A0176D1F}.Debug|Any CPU.ActiveCfg = Debug|Any CPU
		{F082B985-7905-4A15-AF53-0998A0176D1F}.Debug|Any CPU.Build.0 = Debug|Any CPU
		{F082B985-7905-4A15-AF53-0998A0176D1F}.Release|Any CPU.ActiveCfg = Release|Any CPU
		{F082B985-7905-4A15-AF53-0998A0176D1F}.Release|Any CPU.Build.0 = Release|Any CPU
		{92D0C9D4-B06B-449D-AB16-1021E25A3B1F}.Debug|Any CPU.ActiveCfg = Debug|Any CPU
		{92D0C9D4-B06B-449D-AB16-1021E25A3B1F}.Debug|Any CPU.Build.0 = Debug|Any CPU
		{92D0C9D4-B06B-449D-AB16-1021E25A3B1F}.Release|Any CPU.ActiveCfg = Release|Any CPU
		{92D0C9D4-B06B-449D-AB16-1021E25A3B1F}.Release|Any CPU.Build.0 = Release|Any CPU
		{0AF8DA5C-0956-4B67-B773-1405FC65BC34}.Debug|Any CPU.ActiveCfg = Debug|Any CPU
		{0AF8DA5C-0956-4B67-B773-1405FC65BC34}.Debug|Any CPU.Build.0 = Debug|Any CPU
		{0AF8DA5C-0956-4B67-B773-1405FC65BC34}.Release|Any CPU.ActiveCfg = Release|Any CPU
		{0AF8DA5C-0956-4B67-B773-1405FC65BC34}.Release|Any CPU.Build.0 = Release|Any CPU
		{E1CB1C2E-8E25-461A-A491-361147E41B1F}.Debug|Any CPU.ActiveCfg = Debug|Any CPU
		{E1CB1C2E-8E25-461A-A491-361147E41B1F}.Debug|Any CPU.Build.0 = Debug|Any CPU
		{E1CB1C2E-8E25-461A-A491-361147E41B1F}.Release|Any CPU.ActiveCfg = Release|Any CPU
		{E1CB1C2E-8E25-461A-A491-361147E41B1F}.Release|Any CPU.Build.0 = Release|Any CPU
		{B3537A84-C93A-4672-9DC4-8AA4E5FB6A6A}.Debug|Any CPU.ActiveCfg = Debug|Any CPU
		{B3537A84-C93A-4672-9DC4-8AA4E5FB6A6A}.Debug|Any CPU.Build.0 = Debug|Any CPU
		{B3537A84-C93A-4672-9DC4-8AA4E5FB6A6A}.Release|Any CPU.ActiveCfg = Release|Any CPU
		{B3537A84-C93A-4672-9DC4-8AA4E5FB6A6A}.Release|Any CPU.Build.0 = Release|Any CPU
		{3EE1274A-2377-4A33-BD5F-5FEB42C42F2D}.Debug|Any CPU.ActiveCfg = Debug|Any CPU
		{3EE1274A-2377-4A33-BD5F-5FEB42C42F2D}.Debug|Any CPU.Build.0 = Debug|Any CPU
		{3EE1274A-2377-4A33-BD5F-5FEB42C42F2D}.Release|Any CPU.ActiveCfg = Release|Any CPU
		{3EE1274A-2377-4A33-BD5F-5FEB42C42F2D}.Release|Any CPU.Build.0 = Release|Any CPU
		{DDE23D2D-557A-4470-8363-CCF2C1FB8331}.Debug|Any CPU.ActiveCfg = Debug|Any CPU
		{DDE23D2D-557A-4470-8363-CCF2C1FB8331}.Debug|Any CPU.Build.0 = Debug|Any CPU
		{DDE23D2D-557A-4470-8363-CCF2C1FB8331}.Release|Any CPU.ActiveCfg = Release|Any CPU
		{DDE23D2D-557A-4470-8363-CCF2C1FB8331}.Release|Any CPU.Build.0 = Release|Any CPU
		{90C8C66E-B051-4B41-966D-F11E73D9E5DA}.Debug|Any CPU.ActiveCfg = Debug|Any CPU
		{90C8C66E-B051-4B41-966D-F11E73D9E5DA}.Debug|Any CPU.Build.0 = Debug|Any CPU
		{90C8C66E-B051-4B41-966D-F11E73D9E5DA}.Release|Any CPU.ActiveCfg = Release|Any CPU
		{90C8C66E-B051-4B41-966D-F11E73D9E5DA}.Release|Any CPU.Build.0 = Release|Any CPU
	EndGlobalSection
	GlobalSection(SolutionProperties) = preSolution
		HideSolutionNode = FALSE
	EndGlobalSection
	GlobalSection(ExtensibilityGlobals) = postSolution
		SolutionGuid = {B11C3936-1B44-45FE-9D54-94319D4E8337}
	EndGlobalSection
EndGlobal
