
Microsoft Visual Studio Solution File, Format Version 12.00
# Visual Studio Version 17
VisualStudioVersion = 17.8.34330.188
MinimumVisualStudioVersion = 10.0.40219.1
Project("{FAE04EC0-301F-11D3-BF4B-00C04F79EFBC}") = "01.DayOfWeek", "01.DayOfWeek\01.DayOfWeek.csproj", "{20F80868-642D-421A-A586-563D5810F893}"
EndProject
Project("{FAE04EC0-301F-11D3-BF4B-00C04F79EFBC}") = "02.PrintNumbersInReverseOrder", "02.PrintNumbersInReverseOrder\02.PrintNumbersInReverseOrder.csproj", "{D52E1B5A-DBE0-4DAF-9D46-A9DE4B4C090C}"
EndProject
Project("{FAE04EC0-301F-11D3-BF4B-00C04F79EFBC}") = "03.RoundingNumbers", "03.RoundingNumbers\03.RoundingNumbers.csproj", "{21A45F96-2211-4FC9-8EFF-CBE05915B4E5}"
EndProject
Project("{FAE04EC0-301F-11D3-BF4B-00C04F79EFBC}") = "04.ReverseArrayOfStrings", "04.ReverseArrayOfStrings\04.ReverseArrayOfStrings.csproj", "{2217D2AD-80C2-4898-8885-4C4C3237AF31}"
EndProject
Project("{FAE04EC0-301F-11D3-BF4B-00C04F79EFBC}") = "05.SumEvenNumbers", "05.SumEvenNumbers\05.SumEvenNumbers.csproj", "{3C4E9D73-A477-4B00-9097-995D2F0B0F23}"
EndProject
Project("{FAE04EC0-301F-11D3-BF4B-00C04F79EFBC}") = "06.EvenAndOddSubtraction", "06.EvenAndOddSubtraction\06.EvenAndOddSubtraction.csproj", "{AEC340B3-5209-4729-8D51-3333773A37B0}"
EndProject
Project("{FAE04EC0-301F-11D3-BF4B-00C04F79EFBC}") = "07.EqualArrays", "07.EqualArrays\07.EqualArrays.csproj", "{E1817383-35DE-46F7-A605-5E9AB4D3CE9B}"
EndProject
Project("{FAE04EC0-301F-11D3-BF4B-00C04F79EFBC}") = "08.CondenseArrayToNumber", "08.CondenseArrayToNumber\08.CondenseArrayToNumber.csproj", "{F0AB5F75-015E-42F0-88A4-A2C5E7C529C5}"
EndProject
Global
	GlobalSection(SolutionConfigurationPlatforms) = preSolution
		Debug|Any CPU = Debug|Any CPU
		Release|Any CPU = Release|Any CPU
	EndGlobalSection
	GlobalSection(ProjectConfigurationPlatforms) = postSolution
		{20F80868-642D-421A-A586-563D5810F893}.Debug|Any CPU.ActiveCfg = Debug|Any CPU
		{20F80868-642D-421A-A586-563D5810F893}.Debug|Any CPU.Build.0 = Debug|Any CPU
		{20F80868-642D-421A-A586-563D5810F893}.Release|Any CPU.ActiveCfg = Release|Any CPU
		{20F80868-642D-421A-A586-563D5810F893}.Release|Any CPU.Build.0 = Release|Any CPU
		{D52E1B5A-DBE0-4DAF-9D46-A9DE4B4C090C}.Debug|Any CPU.ActiveCfg = Debug|Any CPU
		{D52E1B5A-DBE0-4DAF-9D46-A9DE4B4C090C}.Debug|Any CPU.Build.0 = Debug|Any CPU
		{D52E1B5A-DBE0-4DAF-9D46-A9DE4B4C090C}.Release|Any CPU.ActiveCfg = Release|Any CPU
		{D52E1B5A-DBE0-4DAF-9D46-A9DE4B4C090C}.Release|Any CPU.Build.0 = Release|Any CPU
		{21A45F96-2211-4FC9-8EFF-CBE05915B4E5}.Debug|Any CPU.ActiveCfg = Debug|Any CPU
		{21A45F96-2211-4FC9-8EFF-CBE05915B4E5}.Debug|Any CPU.Build.0 = Debug|Any CPU
		{21A45F96-2211-4FC9-8EFF-CBE05915B4E5}.Release|Any CPU.ActiveCfg = Release|Any CPU
		{21A45F96-2211-4FC9-8EFF-CBE05915B4E5}.Release|Any CPU.Build.0 = Release|Any CPU
		{2217D2AD-80C2-4898-8885-4C4C3237AF31}.Debug|Any CPU.ActiveCfg = Debug|Any CPU
		{2217D2AD-80C2-4898-8885-4C4C3237AF31}.Debug|Any CPU.Build.0 = Debug|Any CPU
		{2217D2AD-80C2-4898-8885-4C4C3237AF31}.Release|Any CPU.ActiveCfg = Release|Any CPU
		{2217D2AD-80C2-4898-8885-4C4C3237AF31}.Release|Any CPU.Build.0 = Release|Any CPU
		{3C4E9D73-A477-4B00-9097-995D2F0B0F23}.Debug|Any CPU.ActiveCfg = Debug|Any CPU
		{3C4E9D73-A477-4B00-9097-995D2F0B0F23}.Debug|Any CPU.Build.0 = Debug|Any CPU
		{3C4E9D73-A477-4B00-9097-995D2F0B0F23}.Release|Any CPU.ActiveCfg = Release|Any CPU
		{3C4E9D73-A477-4B00-9097-995D2F0B0F23}.Release|Any CPU.Build.0 = Release|Any CPU
		{AEC340B3-5209-4729-8D51-3333773A37B0}.Debug|Any CPU.ActiveCfg = Debug|Any CPU
		{AEC340B3-5209-4729-8D51-3333773A37B0}.Debug|Any CPU.Build.0 = Debug|Any CPU
		{AEC340B3-5209-4729-8D51-3333773A37B0}.Release|Any CPU.ActiveCfg = Release|Any CPU
		{AEC340B3-5209-4729-8D51-3333773A37B0}.Release|Any CPU.Build.0 = Release|Any CPU
		{E1817383-35DE-46F7-A605-5E9AB4D3CE9B}.Debug|Any CPU.ActiveCfg = Debug|Any CPU
		{E1817383-35DE-46F7-A605-5E9AB4D3CE9B}.Debug|Any CPU.Build.0 = Debug|Any CPU
		{E1817383-35DE-46F7-A605-5E9AB4D3CE9B}.Release|Any CPU.ActiveCfg = Release|Any CPU
		{E1817383-35DE-46F7-A605-5E9AB4D3CE9B}.Release|Any CPU.Build.0 = Release|Any CPU
		{F0AB5F75-015E-42F0-88A4-A2C5E7C529C5}.Debug|Any CPU.ActiveCfg = Debug|Any CPU
		{F0AB5F75-015E-42F0-88A4-A2C5E7C529C5}.Debug|Any CPU.Build.0 = Debug|Any CPU
		{F0AB5F75-015E-42F0-88A4-A2C5E7C529C5}.Release|Any CPU.ActiveCfg = Release|Any CPU
		{F0AB5F75-015E-42F0-88A4-A2C5E7C529C5}.Release|Any CPU.Build.0 = Release|Any CPU
	EndGlobalSection
	GlobalSection(SolutionProperties) = preSolution
		HideSolutionNode = FALSE
	EndGlobalSection
	GlobalSection(ExtensibilityGlobals) = postSolution
		SolutionGuid = {58C12351-21DB-490E-AC03-192C3E61B9FF}
	EndGlobalSection
EndGlobal
