
Microsoft Visual Studio Solution File, Format Version 12.00
# Visual Studio Version 17
VisualStudioVersion = 17.8.34525.116
MinimumVisualStudioVersion = 10.0.40219.1
Project("{9A19103F-16F7-4668-BE54-9A1E7A4F7556}") = "01.CountRealNumbers", "01.CountRealNumbers\01.CountRealNumbers.csproj", "{F006C644-A245-4600-8F77-2C265088672F}"
EndProject
Project("{9A19103F-16F7-4668-BE54-9A1E7A4F7556}") = "03.WordSynonyms", "03.WordSynonyms\03.WordSynonyms.csproj", "{9540DE6B-ED9A-4175-8725-CCCCC4F8236E}"
EndProject
Project("{FAE04EC0-301F-11D3-BF4B-00C04F79EFBC}") = "02.OddOccurrences", "02.OddOccurrences\02.OddOccurrences.csproj", "{38AF1344-31E2-4381-B758-ECFFE401BDA1}"
EndProject
Project("{FAE04EC0-301F-11D3-BF4B-00C04F79EFBC}") = "04.WordFilter", "04.WordFilter\04.WordFilter.csproj", "{38D92A85-1371-4F65-94A7-E05410312C03}"
EndProject
Global
	GlobalSection(SolutionConfigurationPlatforms) = preSolution
		Debug|Any CPU = Debug|Any CPU
		Release|Any CPU = Release|Any CPU
	EndGlobalSection
	GlobalSection(ProjectConfigurationPlatforms) = postSolution
		{F006C644-A245-4600-8F77-2C265088672F}.Debug|Any CPU.ActiveCfg = Debug|Any CPU
		{F006C644-A245-4600-8F77-2C265088672F}.Debug|Any CPU.Build.0 = Debug|Any CPU
		{F006C644-A245-4600-8F77-2C265088672F}.Release|Any CPU.ActiveCfg = Release|Any CPU
		{F006C644-A245-4600-8F77-2C265088672F}.Release|Any CPU.Build.0 = Release|Any CPU
		{9540DE6B-ED9A-4175-8725-CCCCC4F8236E}.Debug|Any CPU.ActiveCfg = Debug|Any CPU
		{9540DE6B-ED9A-4175-8725-CCCCC4F8236E}.Debug|Any CPU.Build.0 = Debug|Any CPU
		{9540DE6B-ED9A-4175-8725-CCCCC4F8236E}.Release|Any CPU.ActiveCfg = Release|Any CPU
		{9540DE6B-ED9A-4175-8725-CCCCC4F8236E}.Release|Any CPU.Build.0 = Release|Any CPU
		{38AF1344-31E2-4381-B758-ECFFE401BDA1}.Debug|Any CPU.ActiveCfg = Debug|Any CPU
		{38AF1344-31E2-4381-B758-ECFFE401BDA1}.Debug|Any CPU.Build.0 = Debug|Any CPU
		{38AF1344-31E2-4381-B758-ECFFE401BDA1}.Release|Any CPU.ActiveCfg = Release|Any CPU
		{38AF1344-31E2-4381-B758-ECFFE401BDA1}.Release|Any CPU.Build.0 = Release|Any CPU
		{38D92A85-1371-4F65-94A7-E05410312C03}.Debug|Any CPU.ActiveCfg = Debug|Any CPU
		{38D92A85-1371-4F65-94A7-E05410312C03}.Debug|Any CPU.Build.0 = Debug|Any CPU
		{38D92A85-1371-4F65-94A7-E05410312C03}.Release|Any CPU.ActiveCfg = Release|Any CPU
		{38D92A85-1371-4F65-94A7-E05410312C03}.Release|Any CPU.Build.0 = Release|Any CPU
	EndGlobalSection
	GlobalSection(SolutionProperties) = preSolution
		HideSolutionNode = FALSE
	EndGlobalSection
	GlobalSection(ExtensibilityGlobals) = postSolution
		SolutionGuid = {2CC835A1-735A-42B4-BFBF-FCDCC8B1E98A}
	EndGlobalSection
EndGlobal
