
Microsoft Visual Studio Solution File, Format Version 12.00
# Visual Studio Version 17
VisualStudioVersion = 17.8.34525.116
MinimumVisualStudioVersion = 10.0.40219.1
Project("{FAE04EC0-301F-11D3-BF4B-00C04F79EFBC}") = "01.CompanyRoster", "01.CompanyRoster\01.CompanyRoster.csproj", "{62307431-EC90-4C62-B966-79DE7F9416EF}"
EndProject
Project("{FAE04EC0-301F-11D3-BF4B-00C04F79EFBC}") = "02.OldestFamilyMember", "02.OldestFamilyMember\02.OldestFamilyMember.csproj", "{34A2F4C0-70B5-4F1A-AA6E-1B411D48AF29}"
EndProject
Global
	GlobalSection(SolutionConfigurationPlatforms) = preSolution
		Debug|Any CPU = Debug|Any CPU
		Release|Any CPU = Release|Any CPU
	EndGlobalSection
	GlobalSection(ProjectConfigurationPlatforms) = postSolution
		{62307431-EC90-4C62-B966-79DE7F9416EF}.Debug|Any CPU.ActiveCfg = Debug|Any CPU
		{62307431-EC90-4C62-B966-79DE7F9416EF}.Debug|Any CPU.Build.0 = Debug|Any CPU
		{62307431-EC90-4C62-B966-79DE7F9416EF}.Release|Any CPU.ActiveCfg = Release|Any CPU
		{62307431-EC90-4C62-B966-79DE7F9416EF}.Release|Any CPU.Build.0 = Release|Any CPU
		{34A2F4C0-70B5-4F1A-AA6E-1B411D48AF29}.Debug|Any CPU.ActiveCfg = Debug|Any CPU
		{34A2F4C0-70B5-4F1A-AA6E-1B411D48AF29}.Debug|Any CPU.Build.0 = Debug|Any CPU
		{34A2F4C0-70B5-4F1A-AA6E-1B411D48AF29}.Release|Any CPU.ActiveCfg = Release|Any CPU
		{34A2F4C0-70B5-4F1A-AA6E-1B411D48AF29}.Release|Any CPU.Build.0 = Release|Any CPU
	EndGlobalSection
	GlobalSection(SolutionProperties) = preSolution
		HideSolutionNode = FALSE
	EndGlobalSection
	GlobalSection(ExtensibilityGlobals) = postSolution
		SolutionGuid = {BAD85D98-0183-4844-BD07-CEBC32B1448D}
	EndGlobalSection
EndGlobal
