
Microsoft Visual Studio Solution File, Format Version 12.00
# Visual Studio Version 17
VisualStudioVersion = 17.8.34330.188
MinimumVisualStudioVersion = 10.0.40219.1
Project("{9A19103F-16F7-4668-BE54-9A1E7A4F7556}") = "01.DataTypeFinder", "01.DataTypeFinder\01.DataTypeFinder.csproj", "{528788AF-CD99-4410-993D-EC732BDEF678}"
EndProject
Project("{FAE04EC0-301F-11D3-BF4B-00C04F79EFBC}") = "02.FromLeftToTheRight", "02.FromLeftToTheRight\02.FromLeftToTheRight.csproj", "{CEC1958E-7340-4212-A3BF-FD8DC9AF0277}"
EndProject
Project("{FAE04EC0-301F-11D3-BF4B-00C04F79EFBC}") = "04.Refactoring-PrimeChecker", "04.Refactoring-PrimeChecker\04.Refactoring-PrimeChecker.csproj", "{9F4B967D-3DF2-4FE7-9EB7-91ED66D1CA85}"
EndProject
Project("{FAE04EC0-301F-11D3-BF4B-00C04F79EFBC}") = "03.FloatingEquality", "03.FloatingEquality\03.FloatingEquality.csproj", "{0F4CA8E3-AB77-4E19-BD91-93B00542BDBB}"
EndProject
Project("{FAE04EC0-301F-11D3-BF4B-00C04F79EFBC}") = "06.BalancedBrackets", "06.BalancedBrackets\06.BalancedBrackets.csproj", "{9379C283-81EF-4583-9BAB-9847032B8247}"
EndProject
Project("{FAE04EC0-301F-11D3-BF4B-00C04F79EFBC}") = "05.DecryptingMessage", "05.DecryptingMessage\05.DecryptingMessage.csproj", "{A462C6F8-D2CE-46C3-91AF-030C9E5DAC4F}"
EndProject
Global
	GlobalSection(SolutionConfigurationPlatforms) = preSolution
		Debug|Any CPU = Debug|Any CPU
		Release|Any CPU = Release|Any CPU
	EndGlobalSection
	GlobalSection(ProjectConfigurationPlatforms) = postSolution
		{528788AF-CD99-4410-993D-EC732BDEF678}.Debug|Any CPU.ActiveCfg = Debug|Any CPU
		{528788AF-CD99-4410-993D-EC732BDEF678}.Debug|Any CPU.Build.0 = Debug|Any CPU
		{528788AF-CD99-4410-993D-EC732BDEF678}.Release|Any CPU.ActiveCfg = Release|Any CPU
		{528788AF-CD99-4410-993D-EC732BDEF678}.Release|Any CPU.Build.0 = Release|Any CPU
		{CEC1958E-7340-4212-A3BF-FD8DC9AF0277}.Debug|Any CPU.ActiveCfg = Debug|Any CPU
		{CEC1958E-7340-4212-A3BF-FD8DC9AF0277}.Debug|Any CPU.Build.0 = Debug|Any CPU
		{CEC1958E-7340-4212-A3BF-FD8DC9AF0277}.Release|Any CPU.ActiveCfg = Release|Any CPU
		{CEC1958E-7340-4212-A3BF-FD8DC9AF0277}.Release|Any CPU.Build.0 = Release|Any CPU
		{9F4B967D-3DF2-4FE7-9EB7-91ED66D1CA85}.Debug|Any CPU.ActiveCfg = Debug|Any CPU
		{9F4B967D-3DF2-4FE7-9EB7-91ED66D1CA85}.Debug|Any CPU.Build.0 = Debug|Any CPU
		{9F4B967D-3DF2-4FE7-9EB7-91ED66D1CA85}.Release|Any CPU.ActiveCfg = Release|Any CPU
		{9F4B967D-3DF2-4FE7-9EB7-91ED66D1CA85}.Release|Any CPU.Build.0 = Release|Any CPU
		{0F4CA8E3-AB77-4E19-BD91-93B00542BDBB}.Debug|Any CPU.ActiveCfg = Debug|Any CPU
		{0F4CA8E3-AB77-4E19-BD91-93B00542BDBB}.Debug|Any CPU.Build.0 = Debug|Any CPU
		{0F4CA8E3-AB77-4E19-BD91-93B00542BDBB}.Release|Any CPU.ActiveCfg = Release|Any CPU
		{0F4CA8E3-AB77-4E19-BD91-93B00542BDBB}.Release|Any CPU.Build.0 = Release|Any CPU
		{9379C283-81EF-4583-9BAB-9847032B8247}.Debug|Any CPU.ActiveCfg = Debug|Any CPU
		{9379C283-81EF-4583-9BAB-9847032B8247}.Debug|Any CPU.Build.0 = Debug|Any CPU
		{9379C283-81EF-4583-9BAB-9847032B8247}.Release|Any CPU.ActiveCfg = Release|Any CPU
		{9379C283-81EF-4583-9BAB-9847032B8247}.Release|Any CPU.Build.0 = Release|Any CPU
		{A462C6F8-D2CE-46C3-91AF-030C9E5DAC4F}.Debug|Any CPU.ActiveCfg = Debug|Any CPU
		{A462C6F8-D2CE-46C3-91AF-030C9E5DAC4F}.Debug|Any CPU.Build.0 = Debug|Any CPU
		{A462C6F8-D2CE-46C3-91AF-030C9E5DAC4F}.Release|Any CPU.ActiveCfg = Release|Any CPU
		{A462C6F8-D2CE-46C3-91AF-030C9E5DAC4F}.Release|Any CPU.Build.0 = Release|Any CPU
	EndGlobalSection
	GlobalSection(SolutionProperties) = preSolution
		HideSolutionNode = FALSE
	EndGlobalSection
	GlobalSection(ExtensibilityGlobals) = postSolution
		SolutionGuid = {69A6BE97-92D1-4493-BB1F-D4DF10447905}
	EndGlobalSection
EndGlobal
