
Microsoft Visual Studio Solution File, Format Version 12.00
# Visual Studio Version 17
VisualStudioVersion = 17.8.34511.84
MinimumVisualStudioVersion = 10.0.40219.1
Project("{9A19103F-16F7-4668-BE54-9A1E7A4F7556}") = "01.EncryptSortAndPrintArray", "01.EncryptSortAndPrintArray\01.EncryptSortAndPrintArray.csproj", "{BDA5F6CB-AA42-4086-94E0-8DE49181F719}"
EndProject
Project("{9A19103F-16F7-4668-BE54-9A1E7A4F7556}") = "02.PascalTriangle", "02.PascalTriangle\02.PascalTriangle.csproj", "{2CCF72E1-448E-4FFD-88B5-1774C50C7E2B}"
EndProject
Project("{9A19103F-16F7-4668-BE54-9A1E7A4F7556}") = "03.RecursiveFibonacci", "03.RecursiveFibonacci\03.RecursiveFibonacci.csproj", "{4D49DAD7-C7B9-4353-BC4F-28291C2C785C}"
EndProject
Project("{FAE04EC0-301F-11D3-BF4B-00C04F79EFBC}") = "TEST", "TEST\TEST.csproj", "{947A04DA-A653-48A8-BEBA-F786F0BB35DC}"
EndProject
Project("{FAE04EC0-301F-11D3-BF4B-00C04F79EFBC}") = "04.FoldAndSum", "04.FoldAndSum\04.FoldAndSum.csproj", "{ACDEF3B4-E6CA-41D8-B7BD-A1FA77084BCA}"
EndProject
Global
	GlobalSection(SolutionConfigurationPlatforms) = preSolution
		Debug|Any CPU = Debug|Any CPU
		Release|Any CPU = Release|Any CPU
	EndGlobalSection
	GlobalSection(ProjectConfigurationPlatforms) = postSolution
		{BDA5F6CB-AA42-4086-94E0-8DE49181F719}.Debug|Any CPU.ActiveCfg = Debug|Any CPU
		{BDA5F6CB-AA42-4086-94E0-8DE49181F719}.Debug|Any CPU.Build.0 = Debug|Any CPU
		{BDA5F6CB-AA42-4086-94E0-8DE49181F719}.Release|Any CPU.ActiveCfg = Release|Any CPU
		{BDA5F6CB-AA42-4086-94E0-8DE49181F719}.Release|Any CPU.Build.0 = Release|Any CPU
		{2CCF72E1-448E-4FFD-88B5-1774C50C7E2B}.Debug|Any CPU.ActiveCfg = Debug|Any CPU
		{2CCF72E1-448E-4FFD-88B5-1774C50C7E2B}.Debug|Any CPU.Build.0 = Debug|Any CPU
		{2CCF72E1-448E-4FFD-88B5-1774C50C7E2B}.Release|Any CPU.ActiveCfg = Release|Any CPU
		{2CCF72E1-448E-4FFD-88B5-1774C50C7E2B}.Release|Any CPU.Build.0 = Release|Any CPU
		{4D49DAD7-C7B9-4353-BC4F-28291C2C785C}.Debug|Any CPU.ActiveCfg = Debug|Any CPU
		{4D49DAD7-C7B9-4353-BC4F-28291C2C785C}.Debug|Any CPU.Build.0 = Debug|Any CPU
		{4D49DAD7-C7B9-4353-BC4F-28291C2C785C}.Release|Any CPU.ActiveCfg = Release|Any CPU
		{4D49DAD7-C7B9-4353-BC4F-28291C2C785C}.Release|Any CPU.Build.0 = Release|Any CPU
		{947A04DA-A653-48A8-BEBA-F786F0BB35DC}.Debug|Any CPU.ActiveCfg = Debug|Any CPU
		{947A04DA-A653-48A8-BEBA-F786F0BB35DC}.Debug|Any CPU.Build.0 = Debug|Any CPU
		{947A04DA-A653-48A8-BEBA-F786F0BB35DC}.Release|Any CPU.ActiveCfg = Release|Any CPU
		{947A04DA-A653-48A8-BEBA-F786F0BB35DC}.Release|Any CPU.Build.0 = Release|Any CPU
		{ACDEF3B4-E6CA-41D8-B7BD-A1FA77084BCA}.Debug|Any CPU.ActiveCfg = Debug|Any CPU
		{ACDEF3B4-E6CA-41D8-B7BD-A1FA77084BCA}.Debug|Any CPU.Build.0 = Debug|Any CPU
		{ACDEF3B4-E6CA-41D8-B7BD-A1FA77084BCA}.Release|Any CPU.ActiveCfg = Release|Any CPU
		{ACDEF3B4-E6CA-41D8-B7BD-A1FA77084BCA}.Release|Any CPU.Build.0 = Release|Any CPU
	EndGlobalSection
	GlobalSection(SolutionProperties) = preSolution
		HideSolutionNode = FALSE
	EndGlobalSection
	GlobalSection(ExtensibilityGlobals) = postSolution
		SolutionGuid = {014BBBF3-50ED-42D4-BDF8-F472D5B1684D}
	EndGlobalSection
EndGlobal
